// !$*UTF8*$!
{
	archiveVersion = 1;
	classes = {
	};
	objectVersion = 50;
	objects = {

/* Begin PBXBuildFile section */
		03668B16252F4D9E00C2D668 /* CreatePasswordViewController.swift in Sources */ = {isa = PBXBuildFile; fileRef = 03668B15252F4D9E00C2D668 /* CreatePasswordViewController.swift */; };
		03785660252F28ED00EDA896 /* AppDelegate.swift in Sources */ = {isa = PBXBuildFile; fileRef = 0378565F252F28ED00EDA896 /* AppDelegate.swift */; };
		03785662252F28ED00EDA896 /* SceneDelegate.swift in Sources */ = {isa = PBXBuildFile; fileRef = 03785661252F28ED00EDA896 /* SceneDelegate.swift */; };
		03785667252F28ED00EDA896 /* Main.storyboard in Resources */ = {isa = PBXBuildFile; fileRef = 03785665252F28ED00EDA896 /* Main.storyboard */; };
		03785669252F28F000EDA896 /* Assets.xcassets in Resources */ = {isa = PBXBuildFile; fileRef = 03785668252F28F000EDA896 /* Assets.xcassets */; };
		0378566C252F28F000EDA896 /* LaunchScreen.storyboard in Resources */ = {isa = PBXBuildFile; fileRef = 0378566A252F28F000EDA896 /* LaunchScreen.storyboard */; };
		03EFA33D252F3DFC0048A671 /* CreateNameViewController.swift in Sources */ = {isa = PBXBuildFile; fileRef = 03EFA33C252F3DFC0048A671 /* CreateNameViewController.swift */; };
		03EFA342252F433D0048A671 /* UnsavedUserCredentials.swift in Sources */ = {isa = PBXBuildFile; fileRef = 03EFA341252F433D0048A671 /* UnsavedUserCredentials.swift */; };
		03EFA34A252F451F0048A671 /* UIAlertController+Extensions.swift in Sources */ = {isa = PBXBuildFile; fileRef = 03EFA349252F451F0048A671 /* UIAlertController+Extensions.swift */; };
		03EFA34F252F47450048A671 /* CreateEmiailViewController.swift in Sources */ = {isa = PBXBuildFile; fileRef = 03EFA34E252F47450048A671 /* CreateEmiailViewController.swift */; };
		03EFA352252F47F80048A671 /* String+Extensions.swift in Sources */ = {isa = PBXBuildFile; fileRef = 03EFA351252F47F80048A671 /* String+Extensions.swift */; };
		03F269A0252F3103004690C6 /* BorderedButton.swift in Sources */ = {isa = PBXBuildFile; fileRef = 03F2699F252F3103004690C6 /* BorderedButton.swift */; };
		03F269AB252F348E004690C6 /* DividerView.swift in Sources */ = {isa = PBXBuildFile; fileRef = 03F269AA252F348E004690C6 /* DividerView.swift */; };
/* End PBXBuildFile section */

/* Begin PBXFileReference section */
		03668B15252F4D9E00C2D668 /* CreatePasswordViewController.swift */ = {isa = PBXFileReference; lastKnownFileType = sourcecode.swift; path = CreatePasswordViewController.swift; sourceTree = "<group>"; };
		0378565C252F28ED00EDA896 /* RegistrationTestApp.app */ = {isa = PBXFileReference; explicitFileType = wrapper.application; includeInIndex = 0; path = RegistrationTestApp.app; sourceTree = BUILT_PRODUCTS_DIR; };
		0378565F252F28ED00EDA896 /* AppDelegate.swift */ = {isa = PBXFileReference; lastKnownFileType = sourcecode.swift; path = AppDelegate.swift; sourceTree = "<group>"; };
		03785661252F28ED00EDA896 /* SceneDelegate.swift */ = {isa = PBXFileReference; lastKnownFileType = sourcecode.swift; path = SceneDelegate.swift; sourceTree = "<group>"; };
		03785666252F28ED00EDA896 /* Base */ = {isa = PBXFileReference; lastKnownFileType = file.storyboard; name = Base; path = Base.lproj/Main.storyboard; sourceTree = "<group>"; };
		03785668252F28F000EDA896 /* Assets.xcassets */ = {isa = PBXFileReference; lastKnownFileType = folder.assetcatalog; path = Assets.xcassets; sourceTree = "<group>"; };
		0378566B252F28F000EDA896 /* Base */ = {isa = PBXFileReference; lastKnownFileType = file.storyboard; name = Base; path = Base.lproj/LaunchScreen.storyboard; sourceTree = "<group>"; };
		0378566D252F28F000EDA896 /* Info.plist */ = {isa = PBXFileReference; lastKnownFileType = text.plist.xml; path = Info.plist; sourceTree = "<group>"; };
		03EFA33C252F3DFC0048A671 /* CreateNameViewController.swift */ = {isa = PBXFileReference; fileEncoding = 4; lastKnownFileType = sourcecode.swift; path = CreateNameViewController.swift; sourceTree = "<group>"; };
		03EFA341252F433D0048A671 /* UnsavedUserCredentials.swift */ = {isa = PBXFileReference; lastKnownFileType = sourcecode.swift; path = UnsavedUserCredentials.swift; sourceTree = "<group>"; };
		03EFA349252F451F0048A671 /* UIAlertController+Extensions.swift */ = {isa = PBXFileReference; lastKnownFileType = sourcecode.swift; path = "UIAlertController+Extensions.swift"; sourceTree = "<group>"; };
		03EFA34E252F47450048A671 /* CreateEmiailViewController.swift */ = {isa = PBXFileReference; lastKnownFileType = sourcecode.swift; path = CreateEmiailViewController.swift; sourceTree = "<group>"; };
		03EFA351252F47F80048A671 /* String+Extensions.swift */ = {isa = PBXFileReference; lastKnownFileType = sourcecode.swift; path = "String+Extensions.swift"; sourceTree = "<group>"; };
		03F2699F252F3103004690C6 /* BorderedButton.swift */ = {isa = PBXFileReference; lastKnownFileType = sourcecode.swift; path = BorderedButton.swift; sourceTree = "<group>"; };
		03F269AA252F348E004690C6 /* DividerView.swift */ = {isa = PBXFileReference; lastKnownFileType = sourcecode.swift; path = DividerView.swift; sourceTree = "<group>"; };
/* End PBXFileReference section */

/* Begin PBXFrameworksBuildPhase section */
		03785659252F28ED00EDA896 /* Frameworks */ = {
			isa = PBXFrameworksBuildPhase;
			buildActionMask = 2147483647;
			files = (
			);
			runOnlyForDeploymentPostprocessing = 0;
		};
/* End PBXFrameworksBuildPhase section */

/* Begin PBXGroup section */
		03785653252F28ED00EDA896 = {
			isa = PBXGroup;
			children = (
				0378565E252F28ED00EDA896 /* RegistrationTestApp */,
				0378565D252F28ED00EDA896 /* Products */,
			);
			sourceTree = "<group>";
		};
		0378565D252F28ED00EDA896 /* Products */ = {
			isa = PBXGroup;
			children = (
				0378565C252F28ED00EDA896 /* RegistrationTestApp.app */,
			);
			name = Products;
			sourceTree = "<group>";
		};
		0378565E252F28ED00EDA896 /* RegistrationTestApp */ = {
			isa = PBXGroup;
			children = (
				03F2699D252F30D3004690C6 /* ProjectUI */,
				0378565F252F28ED00EDA896 /* AppDelegate.swift */,
				03785661252F28ED00EDA896 /* SceneDelegate.swift */,
				03785668252F28F000EDA896 /* Assets.xcassets */,
				0378566A252F28F000EDA896 /* LaunchScreen.storyboard */,
				0378566D252F28F000EDA896 /* Info.plist */,
			);
			path = RegistrationTestApp;
			sourceTree = "<group>";
		};
		03EFA2EB252F394B0048A671 /* Modules */ = {
			isa = PBXGroup;
			children = (
				03EFA33C252F3DFC0048A671 /* CreateNameViewController.swift */,
				03785665252F28ED00EDA896 /* Main.storyboard */,
				03EFA34E252F47450048A671 /* CreateEmiailViewController.swift */,
				03668B15252F4D9E00C2D668 /* CreatePasswordViewController.swift */,
			);
			path = Modules;
			sourceTree = "<group>";
		};
		03EFA340252F432D0048A671 /* Models */ = {
			isa = PBXGroup;
			children = (
				03EFA341252F433D0048A671 /* UnsavedUserCredentials.swift */,
			);
			path = Models;
			sourceTree = "<group>";
		};
		03EFA348252F45000048A671 /* Extensions */ = {
			isa = PBXGroup;
			children = (
				03EFA349252F451F0048A671 /* UIAlertController+Extensions.swift */,
				03EFA351252F47F80048A671 /* String+Extensions.swift */,
			);
			path = Extensions;
			sourceTree = "<group>";
		};
		03F2699D252F30D3004690C6 /* ProjectUI */ = {
			isa = PBXGroup;
			children = (
				03EFA348252F45000048A671 /* Extensions */,
				03EFA340252F432D0048A671 /* Models */,
				03EFA2EB252F394B0048A671 /* Modules */,
				03F269A2252F3360004690C6 /* Views */,
				03F2699E252F30E9004690C6 /* Buttons */,
			);
			path = ProjectUI;
			sourceTree = "<group>";
		};
		03F2699E252F30E9004690C6 /* Buttons */ = {
			isa = PBXGroup;
			children = (
				03F2699F252F3103004690C6 /* BorderedButton.swift */,
			);
			path = Buttons;
			sourceTree = "<group>";
		};
		03F269A2252F3360004690C6 /* Views */ = {
			isa = PBXGroup;
			children = (
				03F269AA252F348E004690C6 /* DividerView.swift */,
			);
			path = Views;
			sourceTree = "<group>";
		};
/* End PBXGroup section */

/* Begin PBXNativeTarget section */
		0378565B252F28ED00EDA896 /* RegistrationTestApp */ = {
			isa = PBXNativeTarget;
			buildConfigurationList = 03785670252F28F000EDA896 /* Build configuration list for PBXNativeTarget "RegistrationTestApp" */;
			buildPhases = (
				03785658252F28ED00EDA896 /* Sources */,
				03785659252F28ED00EDA896 /* Frameworks */,
				0378565A252F28ED00EDA896 /* Resources */,
			);
			buildRules = (
			);
			dependencies = (
			);
			name = RegistrationTestApp;
			productName = RegistrationTestApp;
			productReference = 0378565C252F28ED00EDA896 /* RegistrationTestApp.app */;
			productType = "com.apple.product-type.application";
		};
/* End PBXNativeTarget section */

/* Begin PBXProject section */
		03785654252F28ED00EDA896 /* Project object */ = {
			isa = PBXProject;
			attributes = {
				LastSwiftUpdateCheck = 1200;
				LastUpgradeCheck = 1200;
				TargetAttributes = {
					0378565B252F28ED00EDA896 = {
						CreatedOnToolsVersion = 12.0.1;
					};
				};
			};
			buildConfigurationList = 03785657252F28ED00EDA896 /* Build configuration list for PBXProject "RegistrationTestApp" */;
			compatibilityVersion = "Xcode 9.3";
			developmentRegion = en;
			hasScannedForEncodings = 0;
			knownRegions = (
				en,
				Base,
			);
			mainGroup = 03785653252F28ED00EDA896;
			productRefGroup = 0378565D252F28ED00EDA896 /* Products */;
			projectDirPath = "";
			projectRoot = "";
			targets = (
				0378565B252F28ED00EDA896 /* RegistrationTestApp */,
			);
		};
/* End PBXProject section */

/* Begin PBXResourcesBuildPhase section */
		0378565A252F28ED00EDA896 /* Resources */ = {
			isa = PBXResourcesBuildPhase;
			buildActionMask = 2147483647;
			files = (
				0378566C252F28F000EDA896 /* LaunchScreen.storyboard in Resources */,
				03785669252F28F000EDA896 /* Assets.xcassets in Resources */,
				03785667252F28ED00EDA896 /* Main.storyboard in Resources */,
			);
			runOnlyForDeploymentPostprocessing = 0;
		};
/* End PBXResourcesBuildPhase section */

/* Begin PBXSourcesBuildPhase section */
		03785658252F28ED00EDA896 /* Sources */ = {
			isa = PBXSourcesBuildPhase;
			buildActionMask = 2147483647;
			files = (
				03EFA352252F47F80048A671 /* String+Extensions.swift in Sources */,
				03EFA33D252F3DFC0048A671 /* CreateNameViewController.swift in Sources */,
				03785660252F28ED00EDA896 /* AppDelegate.swift in Sources */,
				03F269A0252F3103004690C6 /* BorderedButton.swift in Sources */,
				03F269AB252F348E004690C6 /* DividerView.swift in Sources */,
				03785662252F28ED00EDA896 /* SceneDelegate.swift in Sources */,
				03EFA34A252F451F0048A671 /* UIAlertController+Extensions.swift in Sources */,
				03EFA342252F433D0048A671 /* UnsavedUserCredentials.swift in Sources */,
				03EFA34F252F47450048A671 /* CreateEmiailViewController.swift in Sources */,
				03668B16252F4D9E00C2D668 /* CreatePasswordViewController.swift in Sources */,
			);
			runOnlyForDeploymentPostprocessing = 0;
		};
/* End PBXSourcesBuildPhase section */

/* Begin PBXVariantGroup section */
		03785665252F28ED00EDA896 /* Main.storyboard */ = {
			isa = PBXVariantGroup;
			children = (
				03785666252F28ED00EDA896 /* Base */,
			);
			name = Main.storyboard;
			sourceTree = "<group>";
		};
		0378566A252F28F000EDA896 /* LaunchScreen.storyboard */ = {
			isa = PBXVariantGroup;
			children = (
				0378566B252F28F000EDA896 /* Base */,
			);
			name = LaunchScreen.storyboard;
			sourceTree = "<group>";
		};
/* End PBXVariantGroup section */

/* Begin XCBuildConfiguration section */
		0378566E252F28F000EDA896 /* Debug */ = {
			isa = XCBuildConfiguration;
			buildSettings = {
				ALWAYS_SEARCH_USER_PATHS = NO;
				CLANG_ANALYZER_NONNULL = YES;
				CLANG_ANALYZER_NUMBER_OBJECT_CONVERSION = YES_AGGRESSIVE;
				CLANG_CXX_LANGUAGE_STANDARD = "gnu++14";
				CLANG_CXX_LIBRARY = "libc++";
				CLANG_ENABLE_MODULES = YES;
				CLANG_ENABLE_OBJC_ARC = YES;
				CLANG_ENABLE_OBJC_WEAK = YES;
				CLANG_WARN_BLOCK_CAPTURE_AUTORELEASING = YES;
				CLANG_WARN_BOOL_CONVERSION = YES;
				CLANG_WARN_COMMA = YES;
				CLANG_WARN_CONSTANT_CONVERSION = YES;
				CLANG_WARN_DEPRECATED_OBJC_IMPLEMENTATIONS = YES;
				CLANG_WARN_DIRECT_OBJC_ISA_USAGE = YES_ERROR;
				CLANG_WARN_DOCUMENTATION_COMMENTS = YES;
				CLANG_WARN_EMPTY_BODY = YES;
				CLANG_WARN_ENUM_CONVERSION = YES;
				CLANG_WARN_INFINITE_RECURSION = YES;
				CLANG_WARN_INT_CONVERSION = YES;
				CLANG_WARN_NON_LITERAL_NULL_CONVERSION = YES;
				CLANG_WARN_OBJC_IMPLICIT_RETAIN_SELF = YES;
				CLANG_WARN_OBJC_LITERAL_CONVERSION = YES;
				CLANG_WARN_OBJC_ROOT_CLASS = YES_ERROR;
				CLANG_WARN_QUOTED_INCLUDE_IN_FRAMEWORK_HEADER = YES;
				CLANG_WARN_RANGE_LOOP_ANALYSIS = YES;
				CLANG_WARN_STRICT_PROTOTYPES = YES;
				CLANG_WARN_SUSPICIOUS_MOVE = YES;
				CLANG_WARN_UNGUARDED_AVAILABILITY = YES_AGGRESSIVE;
				CLANG_WARN_UNREACHABLE_CODE = YES;
				CLANG_WARN__DUPLICATE_METHOD_MATCH = YES;
				COPY_PHASE_STRIP = NO;
				DEBUG_INFORMATION_FORMAT = dwarf;
				ENABLE_STRICT_OBJC_MSGSEND = YES;
				ENABLE_TESTABILITY = YES;
				GCC_C_LANGUAGE_STANDARD = gnu11;
				GCC_DYNAMIC_NO_PIC = NO;
				GCC_NO_COMMON_BLOCKS = YES;
				GCC_OPTIMIZATION_LEVEL = 0;
				GCC_PREPROCESSOR_DEFINITIONS = (
					"DEBUG=1",
					"$(inherited)",
				);
				GCC_WARN_64_TO_32_BIT_CONVERSION = YES;
				GCC_WARN_ABOUT_RETURN_TYPE = YES_ERROR;
				GCC_WARN_UNDECLARED_SELECTOR = YES;
				GCC_WARN_UNINITIALIZED_AUTOS = YES_AGGRESSIVE;
				GCC_WARN_UNUSED_FUNCTION = YES;
				GCC_WARN_UNUSED_VARIABLE = YES;
				IPHONEOS_DEPLOYMENT_TARGET = 14.0;
				MTL_ENABLE_DEBUG_INFO = INCLUDE_SOURCE;
				MTL_FAST_MATH = YES;
				ONLY_ACTIVE_ARCH = YES;
				SDKROOT = iphoneos;
				SWIFT_ACTIVE_COMPILATION_CONDITIONS = DEBUG;
				SWIFT_OPTIMIZATION_LEVEL = "-Onone";
			};
			name = Debug;
		};
		0378566F252F28F000EDA896 /* Release */ = {
			isa = XCBuildConfiguration;
			buildSettings = {
				ALWAYS_SEARCH_USER_PATHS = NO;
				CLANG_ANALYZER_NONNULL = YES;
				CLANG_ANALYZER_NUMBER_OBJECT_CONVERSION = YES_AGGRESSIVE;
				CLANG_CXX_LANGUAGE_STANDARD = "gnu++14";
				CLANG_CXX_LIBRARY = "libc++";
				CLANG_ENABLE_MODULES = YES;
				CLANG_ENABLE_OBJC_ARC = YES;
				CLANG_ENABLE_OBJC_WEAK = YES;
				CLANG_WARN_BLOCK_CAPTURE_AUTORELEASING = YES;
				CLANG_WARN_BOOL_CONVERSION = YES;
				CLANG_WARN_COMMA = YES;
				CLANG_WARN_CONSTANT_CONVERSION = YES;
				CLANG_WARN_DEPRECATED_OBJC_IMPLEMENTATIONS = YES;
				CLANG_WARN_DIRECT_OBJC_ISA_USAGE = YES_ERROR;
				CLANG_WARN_DOCUMENTATION_COMMENTS = YES;
				CLANG_WARN_EMPTY_BODY = YES;
				CLANG_WARN_ENUM_CONVERSION = YES;
				CLANG_WARN_INFINITE_RECURSION = YES;
				CLANG_WARN_INT_CONVERSION = YES;
				CLANG_WARN_NON_LITERAL_NULL_CONVERSION = YES;
				CLANG_WARN_OBJC_IMPLICIT_RETAIN_SELF = YES;
				CLANG_WARN_OBJC_LITERAL_CONVERSION = YES;
				CLANG_WARN_OBJC_ROOT_CLASS = YES_ERROR;
				CLANG_WARN_QUOTED_INCLUDE_IN_FRAMEWORK_HEADER = YES;
				CLANG_WARN_RANGE_LOOP_ANALYSIS = YES;
				CLANG_WARN_STRICT_PROTOTYPES = YES;
				CLANG_WARN_SUSPICIOUS_MOVE = YES;
				CLANG_WARN_UNGUARDED_AVAILABILITY = YES_AGGRESSIVE;
				CLANG_WARN_UNREACHABLE_CODE = YES;
				CLANG_WARN__DUPLICATE_METHOD_MATCH = YES;
				COPY_PHASE_STRIP = NO;
				DEBUG_INFORMATION_FORMAT = "dwarf-with-dsym";
				ENABLE_NS_ASSERTIONS = NO;
				ENABLE_STRICT_OBJC_MSGSEND = YES;
				GCC_C_LANGUAGE_STANDARD = gnu11;
				GCC_NO_COMMON_BLOCKS = YES;
				GCC_WARN_64_TO_32_BIT_CONVERSION = YES;
				GCC_WARN_ABOUT_RETURN_TYPE = YES_ERROR;
				GCC_WARN_UNDECLARED_SELECTOR = YES;
				GCC_WARN_UNINITIALIZED_AUTOS = YES_AGGRESSIVE;
				GCC_WARN_UNUSED_FUNCTION = YES;
				GCC_WARN_UNUSED_VARIABLE = YES;
				IPHONEOS_DEPLOYMENT_TARGET = 14.0;
				MTL_ENABLE_DEBUG_INFO = NO;
				MTL_FAST_MATH = YES;
				SDKROOT = iphoneos;
				SWIFT_COMPILATION_MODE = wholemodule;
				SWIFT_OPTIMIZATION_LEVEL = "-O";
				VALIDATE_PRODUCT = YES;
			};
			name = Release;
		};
		03785671252F28F000EDA896 /* Debug */ = {
			isa = XCBuildConfiguration;
			buildSettings = {
				ASSETCATALOG_COMPILER_APPICON_NAME = AppIcon;
				ASSETCATALOG_COMPILER_GLOBAL_ACCENT_COLOR_NAME = AccentColor;
				CODE_SIGN_STYLE = Automatic;
				INFOPLIST_FILE = RegistrationTestApp/Info.plist;
				LD_RUNPATH_SEARCH_PATHS = (
					"$(inherited)",
					"@executable_path/Frameworks",
				);
				PRODUCT_BUNDLE_IDENTIFIER = alena.RegistrationTestApp;
				PRODUCT_NAME = "$(TARGET_NAME)";
				SWIFT_VERSION = 5.0;
				TARGETED_DEVICE_FAMILY = "1,2";
			};
			name = Debug;
		};
		03785672252F28F000EDA896 /* Release */ = {
			isa = XCBuildConfiguration;
			buildSettings = {
				ASSETCATALOG_COMPILER_APPICON_NAME = AppIcon;
				ASSETCATALOG_COMPILER_GLOBAL_ACCENT_COLOR_NAME = AccentColor;
				CODE_SIGN_STYLE = Automatic;
				INFOPLIST_FILE = RegistrationTestApp/Info.plist;
				LD_RUNPATH_SEARCH_PATHS = (
					"$(inherited)",
					"@executable_path/Frameworks",
				);
				PRODUCT_BUNDLE_IDENTIFIER = alena.RegistrationTestApp;
				PRODUCT_NAME = "$(TARGET_NAME)";
				SWIFT_VERSION = 5.0;
				TARGETED_DEVICE_FAMILY = "1,2";
			};
			name = Release;
		};
/* End XCBuildConfiguration section */

/* Begin XCConfigurationList section */
		03785657252F28ED00EDA896 /* Build configuration list for PBXProject "RegistrationTestApp" */ = {
			isa = XCConfigurationList;
			buildConfigurations = (
				0378566E252F28F000EDA896 /* Debug */,
				0378566F252F28F000EDA896 /* Release */,
			);
			defaultConfigurationIsVisible = 0;
			defaultConfigurationName = Release;
		};
		03785670252F28F000EDA896 /* Build configuration list for PBXNativeTarget "RegistrationTestApp" */ = {
			isa = XCConfigurationList;
			buildConfigurations = (
				03785671252F28F000EDA896 /* Debug */,
				03785672252F28F000EDA896 /* Release */,
			);
			defaultConfigurationIsVisible = 0;
			defaultConfigurationName = Release;
		};
/* End XCConfigurationList section */
	};
	rootObject = 03785654252F28ED00EDA896 /* Project object */;
}
